// !$*UTF8*$!
{
	archiveVersion = 1;
	classes = {
	};
	objectVersion = 46;
	objects = {

/* Begin PBXBuildFile section */
		910F76E11E319E740018B914 /* LZCityPickerController.m in Sources */ = {isa = PBXBuildFile; fileRef = 910F76E01E319E740018B914 /* LZCityPickerController.m */; };
		910F76E41E319E910018B914 /* LZPickerModel.m in Sources */ = {isa = PBXBuildFile; fileRef = 910F76E31E319E910018B914 /* LZPickerModel.m */; };
		913AD67C1D7528B8005DA1CA /* 40fe711f9b754b596159f3a6.jpg in Resources */ = {isa = PBXBuildFile; fileRef = 913AD67B1D7528B8005DA1CA /* 40fe711f9b754b596159f3a6.jpg */; };
		91D23E2E1D740A160033A791 /* main.m in Sources */ = {isa = PBXBuildFile; fileRef = 91D23E2D1D740A160033A791 /* main.m */; };
		91D23E311D740A160033A791 /* AppDelegate.m in Sources */ = {isa = PBXBuildFile; fileRef = 91D23E301D740A160033A791 /* AppDelegate.m */; };
		91D23E341D740A160033A791 /* ViewController.m in Sources */ = {isa = PBXBuildFile; fileRef = 91D23E331D740A160033A791 /* ViewController.m */; };
		91D23E371D740A160033A791 /* Main.storyboard in Resources */ = {isa = PBXBuildFile; fileRef = 91D23E351D740A160033A791 /* Main.storyboard */; };
		91D23E391D740A160033A791 /* Assets.xcassets in Resources */ = {isa = PBXBuildFile; fileRef = 91D23E381D740A160033A791 /* Assets.xcassets */; };
		91D23E3C1D740A160033A791 /* LaunchScreen.storyboard in Resources */ = {isa = PBXBuildFile; fileRef = 91D23E3A1D740A160033A791 /* LaunchScreen.storyboard */; };
		91D23E471D740A160033A791 /* LZCityPickerUITests.m in Sources */ = {isa = PBXBuildFile; fileRef = 91D23E461D740A160033A791 /* LZCityPickerUITests.m */; };
		91D23E541D740A4E0033A791 /* LZCityPickerView.m in Sources */ = {isa = PBXBuildFile; fileRef = 91D23E531D740A4E0033A791 /* LZCityPickerView.m */; };
		91D23E561D740A670033A791 /* Address.plist in Resources */ = {isa = PBXBuildFile; fileRef = 91D23E551D740A670033A791 /* Address.plist */; };
/* End PBXBuildFile section */

/* Begin PBXContainerItemProxy section */
		91D23E431D740A160033A791 /* PBXContainerItemProxy */ = {
			isa = PBXContainerItemProxy;
			containerPortal = 91D23E211D740A160033A791 /* Project object */;
			proxyType = 1;
			remoteGlobalIDString = 91D23E281D740A160033A791;
			remoteInfo = LZCityPicker;
		};
/* End PBXContainerItemProxy section */

/* Begin PBXFileReference section */
		910F76DF1E319E740018B914 /* LZCityPickerController.h */ = {isa = PBXFileReference; fileEncoding = 4; lastKnownFileType = sourcecode.c.h; path = LZCityPickerController.h; sourceTree = "<group>"; };
		910F76E01E319E740018B914 /* LZCityPickerController.m */ = {isa = PBXFileReference; fileEncoding = 4; lastKnownFileType = sourcecode.c.objc; path = LZCityPickerController.m; sourceTree = "<group>"; };
		910F76E21E319E910018B914 /* LZPickerModel.h */ = {isa = PBXFileReference; fileEncoding = 4; lastKnownFileType = sourcecode.c.h; path = LZPickerModel.h; sourceTree = "<group>"; };
		910F76E31E319E910018B914 /* LZPickerModel.m */ = {isa = PBXFileReference; fileEncoding = 4; lastKnownFileType = sourcecode.c.objc; path = LZPickerModel.m; sourceTree = "<group>"; };
		913AD67B1D7528B8005DA1CA /* 40fe711f9b754b596159f3a6.jpg */ = {isa = PBXFileReference; lastKnownFileType = image.jpeg; path = 40fe711f9b754b596159f3a6.jpg; sourceTree = "<group>"; };
		91D23E291D740A160033A791 /* LZCityPicker.app */ = {isa = PBXFileReference; explicitFileType = wrapper.application; includeInIndex = 0; path = LZCityPicker.app; sourceTree = BUILT_PRODUCTS_DIR; };
		91D23E2D1D740A160033A791 /* main.m */ = {isa = PBXFileReference; lastKnownFileType = sourcecode.c.objc; path = main.m; sourceTree = "<group>"; };
		91D23E2F1D740A160033A791 /* AppDelegate.h */ = {isa = PBXFileReference; lastKnownFileType = sourcecode.c.h; path = AppDelegate.h; sourceTree = "<group>"; };
		91D23E301D740A160033A791 /* AppDelegate.m */ = {isa = PBXFileReference; lastKnownFileType = sourcecode.c.objc; path = AppDelegate.m; sourceTree = "<group>"; };
		91D23E321D740A160033A791 /* ViewController.h */ = {isa = PBXFileReference; lastKnownFileType = sourcecode.c.h; path = ViewController.h; sourceTree = "<group>"; };
		91D23E331D740A160033A791 /* ViewController.m */ = {isa = PBXFileReference; lastKnownFileType = sourcecode.c.objc; path = ViewController.m; sourceTree = "<group>"; };
		91D23E361D740A160033A791 /* Base */ = {isa = PBXFileReference; lastKnownFileType = file.storyboard; name = Base; path = Base.lproj/Main.storyboard; sourceTree = "<group>"; };
		91D23E381D740A160033A791 /* Assets.xcassets */ = {isa = PBXFileReference; lastKnownFileType = folder.assetcatalog; path = Assets.xcassets; sourceTree = "<group>"; };
		91D23E3B1D740A160033A791 /* Base */ = {isa = PBXFileReference; lastKnownFileType = file.storyboard; name = Base; path = Base.lproj/LaunchScreen.storyboard; sourceTree = "<group>"; };
		91D23E3D1D740A160033A791 /* Info.plist */ = {isa = PBXFileReference; lastKnownFileType = text.plist.xml; path = Info.plist; sourceTree = "<group>"; };
		91D23E421D740A160033A791 /* LZCityPickerUITests.xctest */ = {isa = PBXFileReference; explicitFileType = wrapper.cfbundle; includeInIndex = 0; path = LZCityPickerUITests.xctest; sourceTree = BUILT_PRODUCTS_DIR; };
		91D23E461D740A160033A791 /* LZCityPickerUITests.m */ = {isa = PBXFileReference; lastKnownFileType = sourcecode.c.objc; path = LZCityPickerUITests.m; sourceTree = "<group>"; };
		91D23E481D740A160033A791 /* Info.plist */ = {isa = PBXFileReference; lastKnownFileType = text.plist.xml; path = Info.plist; sourceTree = "<group>"; };
		91D23E521D740A4E0033A791 /* LZCityPickerView.h */ = {isa = PBXFileReference; fileEncoding = 4; lastKnownFileType = sourcecode.c.h; path = LZCityPickerView.h; sourceTree = "<group>"; };
		91D23E531D740A4E0033A791 /* LZCityPickerView.m */ = {isa = PBXFileReference; fileEncoding = 4; lastKnownFileType = sourcecode.c.objc; path = LZCityPickerView.m; sourceTree = "<group>"; };
		91D23E551D740A670033A791 /* Address.plist */ = {isa = PBXFileReference; fileEncoding = 4; lastKnownFileType = text.plist.xml; path = Address.plist; sourceTree = "<group>"; };
/* End PBXFileReference section */

/* Begin PBXFrameworksBuildPhase section */
		91D23E261D740A160033A791 /* Frameworks */ = {
			isa = PBXFrameworksBuildPhase;
			buildActionMask = 2147483647;
			files = (
			);
			runOnlyForDeploymentPostprocessing = 0;
		};
		91D23E3F1D740A160033A791 /* Frameworks */ = {
			isa = PBXFrameworksBuildPhase;
			buildActionMask = 2147483647;
			files = (
			);
			runOnlyForDeploymentPostprocessing = 0;
		};
/* End PBXFrameworksBuildPhase section */

/* Begin PBXGroup section */
		91D23E201D740A160033A791 = {
			isa = PBXGroup;
			children = (
				91D23E2B1D740A160033A791 /* LZCityPicker */,
				91D23E451D740A160033A791 /* LZCityPickerUITests */,
				91D23E2A1D740A160033A791 /* Products */,
			);
			sourceTree = "<group>";
		};
		91D23E2A1D740A160033A791 /* Products */ = {
			isa = PBXGroup;
			children = (
				91D23E291D740A160033A791 /* LZCityPicker.app */,
				91D23E421D740A160033A791 /* LZCityPickerUITests.xctest */,
			);
			name = Products;
			sourceTree = "<group>";
		};
		91D23E2B1D740A160033A791 /* LZCityPicker */ = {
			isa = PBXGroup;
			children = (
				913AD67B1D7528B8005DA1CA /* 40fe711f9b754b596159f3a6.jpg */,
				91D23E511D740A340033A791 /* LZCityPickerClass */,
				91D23E2F1D740A160033A791 /* AppDelegate.h */,
				91D23E301D740A160033A791 /* AppDelegate.m */,
				91D23E321D740A160033A791 /* ViewController.h */,
				91D23E331D740A160033A791 /* ViewController.m */,
				91D23E351D740A160033A791 /* Main.storyboard */,
				91D23E381D740A160033A791 /* Assets.xcassets */,
				91D23E3A1D740A160033A791 /* LaunchScreen.storyboard */,
				91D23E3D1D740A160033A791 /* Info.plist */,
				91D23E2C1D740A160033A791 /* Supporting Files */,
			);
			path = LZCityPicker;
			sourceTree = "<group>";
		};
		91D23E2C1D740A160033A791 /* Supporting Files */ = {
			isa = PBXGroup;
			children = (
				91D23E2D1D740A160033A791 /* main.m */,
			);
			name = "Supporting Files";
			sourceTree = "<group>";
		};
		91D23E451D740A160033A791 /* LZCityPickerUITests */ = {
			isa = PBXGroup;
			children = (
				91D23E461D740A160033A791 /* LZCityPickerUITests.m */,
				91D23E481D740A160033A791 /* Info.plist */,
			);
			path = LZCityPickerUITests;
			sourceTree = "<group>";
		};
		91D23E511D740A340033A791 /* LZCityPickerClass */ = {
			isa = PBXGroup;
			children = (
				91D23E551D740A670033A791 /* Address.plist */,
				91D23E521D740A4E0033A791 /* LZCityPickerView.h */,
				91D23E531D740A4E0033A791 /* LZCityPickerView.m */,
				910F76DF1E319E740018B914 /* LZCityPickerController.h */,
				910F76E01E319E740018B914 /* LZCityPickerController.m */,
				910F76E21E319E910018B914 /* LZPickerModel.h */,
				910F76E31E319E910018B914 /* LZPickerModel.m */,
			);
			path = LZCityPickerClass;
			sourceTree = "<group>";
		};
/* End PBXGroup section */

/* Begin PBXNativeTarget section */
		91D23E281D740A160033A791 /* LZCityPicker */ = {
			isa = PBXNativeTarget;
			buildConfigurationList = 91D23E4B1D740A160033A791 /* Build configuration list for PBXNativeTarget "LZCityPicker" */;
			buildPhases = (
				91D23E251D740A160033A791 /* Sources */,
				91D23E261D740A160033A791 /* Frameworks */,
				91D23E271D740A160033A791 /* Resources */,
			);
			buildRules = (
			);
			dependencies = (
			);
			name = LZCityPicker;
			productName = LZCityPicker;
			productReference = 91D23E291D740A160033A791 /* LZCityPicker.app */;
			productType = "com.apple.product-type.application";
		};
		91D23E411D740A160033A791 /* LZCityPickerUITests */ = {
			isa = PBXNativeTarget;
			buildConfigurationList = 91D23E4E1D740A160033A791 /* Build configuration list for PBXNativeTarget "LZCityPickerUITests" */;
			buildPhases = (
				91D23E3E1D740A160033A791 /* Sources */,
				91D23E3F1D740A160033A791 /* Frameworks */,
				91D23E401D740A160033A791 /* Resources */,
			);
			buildRules = (
			);
			dependencies = (
				91D23E441D740A160033A791 /* PBXTargetDependency */,
			);
			name = LZCityPickerUITests;
			productName = LZCityPickerUITests;
			productReference = 91D23E421D740A160033A791 /* LZCityPickerUITests.xctest */;
			productType = "com.apple.product-type.bundle.ui-testing";
		};
/* End PBXNativeTarget section */

/* Begin PBXProject section */
		91D23E211D740A160033A791 /* Project object */ = {
			isa = PBXProject;
			attributes = {
				LastUpgradeCheck = 0730;
				ORGANIZATIONNAME = Artup;
				TargetAttributes = {
					91D23E281D740A160033A791 = {
						CreatedOnToolsVersion = 7.3;
						DevelopmentTeam = 29BN9F9KNE;
					};
					91D23E411D740A160033A791 = {
						CreatedOnToolsVersion = 7.3;
						TestTargetID = 91D23E281D740A160033A791;
					};
				};
			};
			buildConfigurationList = 91D23E241D740A160033A791 /* Build configuration list for PBXProject "LZCityPicker" */;
			compatibilityVersion = "Xcode 3.2";
			developmentRegion = English;
			hasScannedForEncodings = 0;
			knownRegions = (
				en,
				Base,
			);
			mainGroup = 91D23E201D740A160033A791;
			productRefGroup = 91D23E2A1D740A160033A791 /* Products */;
			projectDirPath = "";
			projectRoot = "";
			targets = (
				91D23E281D740A160033A791 /* LZCityPicker */,
				91D23E411D740A160033A791 /* LZCityPickerUITests */,
			);
		};
/* End PBXProject section */

/* Begin PBXResourcesBuildPhase section */
		91D23E271D740A160033A791 /* Resources */ = {
			isa = PBXResourcesBuildPhase;
			buildActionMask = 2147483647;
			files = (
				913AD67C1D7528B8005DA1CA /* 40fe711f9b754b596159f3a6.jpg in Resources */,
				91D23E3C1D740A160033A791 /* LaunchScreen.storyboard in Resources */,
				91D23E561D740A670033A791 /* Address.plist in Resources */,
				91D23E391D740A160033A791 /* Assets.xcassets in Resources */,
				91D23E371D740A160033A791 /* Main.storyboard in Resources */,
			);
			runOnlyForDeploymentPostprocessing = 0;
		};
		91D23E401D740A160033A791 /* Resources */ = {
			isa = PBXResourcesBuildPhase;
			buildActionMask = 2147483647;
			files = (
			);
			runOnlyForDeploymentPostprocessing = 0;
		};
/* End PBXResourcesBuildPhase section */

/* Begin PBXSourcesBuildPhase section */
		91D23E251D740A160033A791 /* Sources */ = {
			isa = PBXSourcesBuildPhase;
			buildActionMask = 2147483647;
			files = (
				91D23E341D740A160033A791 /* ViewController.m in Sources */,
				910F76E11E319E740018B914 /* LZCityPickerController.m in Sources */,
				91D23E541D740A4E0033A791 /* LZCityPickerView.m in Sources */,
				91D23E311D740A160033A791 /* AppDelegate.m in Sources */,
				91D23E2E1D740A160033A791 /* main.m in Sources */,
				910F76E41E319E910018B914 /* LZPickerModel.m in Sources */,
			);
			runOnlyForDeploymentPostprocessing = 0;
		};
		91D23E3E1D740A160033A791 /* Sources */ = {
			isa = PBXSourcesBuildPhase;
			buildActionMask = 2147483647;
			files = (
				91D23E471D740A160033A791 /* LZCityPickerUITests.m in Sources */,
			);
			runOnlyForDeploymentPostprocessing = 0;
		};
/* End PBXSourcesBuildPhase section */

/* Begin PBXTargetDependency section */
		91D23E441D740A160033A791 /* PBXTargetDependency */ = {
			isa = PBXTargetDependency;
			target = 91D23E281D740A160033A791 /* LZCityPicker */;
			targetProxy = 91D23E431D740A160033A791 /* PBXContainerItemProxy */;
		};
/* End PBXTargetDependency section */

/* Begin PBXVariantGroup section */
		91D23E351D740A160033A791 /* Main.storyboard */ = {
			isa = PBXVariantGroup;
			children = (
				91D23E361D740A160033A791 /* Base */,
			);
			name = Main.storyboard;
			sourceTree = "<group>";
		};
		91D23E3A1D740A160033A791 /* LaunchScreen.storyboard */ = {
			isa = PBXVariantGroup;
			children = (
				91D23E3B1D740A160033A791 /* Base */,
			);
			name = LaunchScreen.storyboard;
			sourceTree = "<group>";
		};
/* End PBXVariantGroup section */

/* Begin XCBuildConfiguration section */
		91D23E491D740A160033A791 /* Debug */ = {
			isa = XCBuildConfiguration;
			buildSettings = {
				ALWAYS_SEARCH_USER_PATHS = NO;
				CLANG_ANALYZER_NONNULL = YES;
				CLANG_CXX_LANGUAGE_STANDARD = "gnu++0x";
				CLANG_CXX_LIBRARY = "libc++";
				CLANG_ENABLE_MODULES = YES;
				CLANG_ENABLE_OBJC_ARC = YES;
				CLANG_WARN_BOOL_CONVERSION = YES;
				CLANG_WARN_CONSTANT_CONVERSION = YES;
				CLANG_WARN_DIRECT_OBJC_ISA_USAGE = YES_ERROR;
				CLANG_WARN_EMPTY_BODY = YES;
				CLANG_WARN_ENUM_CONVERSION = YES;
				CLANG_WARN_INT_CONVERSION = YES;
				CLANG_WARN_OBJC_ROOT_CLASS = YES_ERROR;
				CLANG_WARN_UNREACHABLE_CODE = YES;
				CLANG_WARN__DUPLICATE_METHOD_MATCH = YES;
				"CODE_SIGN_IDENTITY[sdk=iphoneos*]" = "iPhone Developer";
				COPY_PHASE_STRIP = NO;
				DEBUG_INFORMATION_FORMAT = dwarf;
				ENABLE_STRICT_OBJC_MSGSEND = YES;
				ENABLE_TESTABILITY = YES;
				GCC_C_LANGUAGE_STANDARD = gnu99;
				GCC_DYNAMIC_NO_PIC = NO;
				GCC_NO_COMMON_BLOCKS = YES;
				GCC_OPTIMIZATION_LEVEL = 0;
				GCC_PREPROCESSOR_DEFINITIONS = (
					"DEBUG=1",
					"$(inherited)",
				);
				GCC_WARN_64_TO_32_BIT_CONVERSION = YES;
				GCC_WARN_ABOUT_RETURN_TYPE = YES_ERROR;
				GCC_WARN_UNDECLARED_SELECTOR = YES;
				GCC_WARN_UNINITIALIZED_AUTOS = YES_AGGRESSIVE;
				GCC_WARN_UNUSED_FUNCTION = YES;
				GCC_WARN_UNUSED_VARIABLE = YES;
				IPHONEOS_DEPLOYMENT_TARGET = 9.3;
				MTL_ENABLE_DEBUG_INFO = YES;
				ONLY_ACTIVE_ARCH = YES;
				SDKROOT = iphoneos;
				TARGETED_DEVICE_FAMILY = "1,2";
			};
			name = Debug;
		};
		91D23E4A1D740A160033A791 /* Release */ = {
			isa = XCBuildConfiguration;
			buildSettings = {
				ALWAYS_SEARCH_USER_PATHS = NO;
				CLANG_ANALYZER_NONNULL = YES;
				CLANG_CXX_LANGUAGE_STANDARD = "gnu++0x";
				CLANG_CXX_LIBRARY = "libc++";
				CLANG_ENABLE_MODULES = YES;
				CLANG_ENABLE_OBJC_ARC = YES;
				CLANG_WARN_BOOL_CONVERSION = YES;
				CLANG_WARN_CONSTANT_CONVERSION = YES;
				CLANG_WARN_DIRECT_OBJC_ISA_USAGE = YES_ERROR;
				CLANG_WARN_EMPTY_BODY = YES;
				CLANG_WARN_ENUM_CONVERSION = YES;
				CLANG_WARN_INT_CONVERSION = YES;
				CLANG_WARN_OBJC_ROOT_CLASS = YES_ERROR;
				CLANG_WARN_UNREACHABLE_CODE = YES;
				CLANG_WARN__DUPLICATE_METHOD_MATCH = YES;
				"CODE_SIGN_IDENTITY[sdk=iphoneos*]" = "iPhone Developer";
				COPY_PHASE_STRIP = NO;
				DEBUG_INFORMATION_FORMAT = "dwarf-with-dsym";
				ENABLE_NS_ASSERTIONS = NO;
				ENABLE_STRICT_OBJC_MSGSEND = YES;
				GCC_C_LANGUAGE_STANDARD = gnu99;
				GCC_NO_COMMON_BLOCKS = YES;
				GCC_WARN_64_TO_32_BIT_CONVERSION = YES;
				GCC_WARN_ABOUT_RETURN_TYPE = YES_ERROR;
				GCC_WARN_UNDECLARED_SELECTOR = YES;
				GCC_WARN_UNINITIALIZED_AUTOS = YES_AGGRESSIVE;
				GCC_WARN_UNUSED_FUNCTION = YES;
				GCC_WARN_UNUSED_VARIABLE = YES;
				IPHONEOS_DEPLOYMENT_TARGET = 9.3;
				MTL_ENABLE_DEBUG_INFO = NO;
				SDKROOT = iphoneos;
				TARGETED_DEVICE_FAMILY = "1,2";
				VALIDATE_PRODUCT = YES;
			};
			name = Release;
		};
		91D23E4C1D740A160033A791 /* Debug */ = {
			isa = XCBuildConfiguration;
			buildSettings = {
				ASSETCATALOG_COMPILER_APPICON_NAME = AppIcon;
				DEVELOPMENT_TEAM = 29BN9F9KNE;
				INFOPLIST_FILE = LZCityPicker/Info.plist;
				LD_RUNPATH_SEARCH_PATHS = "$(inherited) @executable_path/Frameworks";
				PRODUCT_BUNDLE_IDENTIFIER = com.artup.LZCityPicker;
				PRODUCT_NAME = "$(TARGET_NAME)";
			};
			name = Debug;
		};
		91D23E4D1D740A160033A791 /* Release */ = {
			isa = XCBuildConfiguration;
			buildSettings = {
				ASSETCATALOG_COMPILER_APPICON_NAME = AppIcon;
				DEVELOPMENT_TEAM = 29BN9F9KNE;
				INFOPLIST_FILE = LZCityPicker/Info.plist;
				LD_RUNPATH_SEARCH_PATHS = "$(inherited) @executable_path/Frameworks";
				PRODUCT_BUNDLE_IDENTIFIER = com.artup.LZCityPicker;
				PRODUCT_NAME = "$(TARGET_NAME)";
			};
			name = Release;
		};
		91D23E4F1D740A160033A791 /* Debug */ = {
			isa = XCBuildConfiguration;
			buildSettings = {
				INFOPLIST_FILE = LZCityPickerUITests/Info.plist;
				LD_RUNPATH_SEARCH_PATHS = "$(inherited) @executable_path/Frameworks @loader_path/Frameworks";
				PRODUCT_BUNDLE_IDENTIFIER = com.artup.LZCityPickerUITests;
				PRODUCT_NAME = "$(TARGET_NAME)";
				TEST_TARGET_NAME = LZCityPicker;
			};
			name = Debug;
		};
		91D23E501D740A160033A791 /* Release */ = {
			isa = XCBuildConfiguration;
			buildSettings = {
				INFOPLIST_FILE = LZCityPickerUITests/Info.plist;
				LD_RUNPATH_SEARCH_PATHS = "$(inherited) @executable_path/Frameworks @loader_path/Frameworks";
				PRODUCT_BUNDLE_IDENTIFIER = com.artup.LZCityPickerUITests;
				PRODUCT_NAME = "$(TARGET_NAME)";
				TEST_TARGET_NAME = LZCityPicker;
			};
			name = Release;
		};
/* End XCBuildConfiguration section */

/* Begin XCConfigurationList section */
		91D23E241D740A160033A791 /* Build configuration list for PBXProject "LZCityPicker" */ = {
			isa = XCConfigurationList;
			buildConfigurations = (
				91D23E491D740A160033A791 /* Debug */,
				91D23E4A1D740A160033A791 /* Release */,
			);
			defaultConfigurationIsVisible = 0;
			defaultConfigurationName = Release;
		};
		91D23E4B1D740A160033A791 /* Build configuration list for PBXNativeTarget "LZCityPicker" */ = {
			isa = XCConfigurationList;
			buildConfigurations = (
				91D23E4C1D740A160033A791 /* Debug */,
				91D23E4D1D740A160033A791 /* Release */,
			);
			defaultConfigurationIsVisible = 0;
			defaultConfigurationName = Release;
		};
		91D23E4E1D740A160033A791 /* Build configuration list for PBXNativeTarget "LZCityPickerUITests" */ = {
			isa = XCConfigurationList;
			buildConfigurations = (
				91D23E4F1D740A160033A791 /* Debug */,
				91D23E501D740A160033A791 /* Release */,
			);
			defaultConfigurationIsVisible = 0;
			defaultConfigurationName = Release;
		};
/* End XCConfigurationList section */
	};
	rootObject = 91D23E211D740A160033A791 /* Project object */;
}
